
Microsoft Visual Studio Solution File, Format Version 12.00
# Visual Studio Version 16
VisualStudioVersion = 16.0.30128.74
MinimumVisualStudioVersion = 10.0.40219.1
Project("{FAE04EC0-301F-11D3-BF4B-00C04F79EFBC}") = "Helpdesk_SGVW", "Helpdesk_SGVW\Helpdesk_SGVW.csproj", "{64F2CBFC-7C54-4CC4-A1F7-22729B44EEAA}"
EndProject
Global
	GlobalSection(SolutionConfigurationPlatforms) = preSolution
		Debug|Any CPU = Debug|Any CPU
		Release|Any CPU = Release|Any CPU
	EndGlobalSection
	GlobalSection(ProjectConfigurationPlatforms) = postSolution
		{64F2CBFC-7C54-4CC4-A1F7-22729B44EEAA}.Debug|Any CPU.ActiveCfg = Debug|Any CPU
		{64F2CBFC-7C54-4CC4-A1F7-22729B44EEAA}.Debug|Any CPU.Build.0 = Debug|Any CPU
		{64F2CBFC-7C54-4CC4-A1F7-22729B44EEAA}.Release|Any CPU.ActiveCfg = Release|Any CPU
		{64F2CBFC-7C54-4CC4-A1F7-22729B44EEAA}.Release|Any CPU.Build.0 = Release|Any CPU
	EndGlobalSection
	GlobalSection(SolutionProperties) = preSolution
		HideSolutionNode = FALSE
	EndGlobalSection
	GlobalSection(ExtensibilityGlobals) = postSolution
		SolutionGuid = {B8046370-9117-4A5B-858A-D3757E1C48D9}
	EndGlobalSection
EndGlobal
